
Microsoft Visual Studio Solution File, Format Version 12.00
Project("{2150E333-8FDC-42A3-9474-1A3956D46DE8}") = "Core", "Core", "{9155FD0E-C642-4BC2-B91A-BCD8B8037146}"
EndProject
Project("{2150E333-8FDC-42A3-9474-1A3956D46DE8}") = "API", "API", "{F5F79C26-C17F-4C0C-8D7F-DB794E041EC2}"
EndProject
Project("{2150E333-8FDC-42A3-9474-1A3956D46DE8}") = "Infrastructure", "Infrastructure", "{758FC787-501E-4F97-94E7-62D66901F272}"
EndProject
Project("{FAE04EC0-301F-11D3-BF4B-00C04F79EFBC}") = "Domain", "Domain\Domain.csproj", "{6B657EE3-515A-40A7-B5C6-F35522FF44C1}"
EndProject
Project("{FAE04EC0-301F-11D3-BF4B-00C04F79EFBC}") = "Persistence", "Persistence\Persistence.csproj", "{B259811C-F24C-4D47-AC5D-476751DE98A4}"
EndProject
Project("{FAE04EC0-301F-11D3-BF4B-00C04F79EFBC}") = "WebApi", "WebApi\WebApi.csproj", "{FEE85B46-755D-4807-8BDF-5FAE75D46A28}"
EndProject
Project("{FAE04EC0-301F-11D3-BF4B-00C04F79EFBC}") = "Application", "Application\Application.csproj", "{2D36492B-9A8E-429C-9106-2242D6E3BF2F}"
EndProject
Global
	GlobalSection(SolutionConfigurationPlatforms) = preSolution
		Debug|Any CPU = Debug|Any CPU
		Release|Any CPU = Release|Any CPU
	EndGlobalSection
	GlobalSection(NestedProjects) = preSolution
		{6B657EE3-515A-40A7-B5C6-F35522FF44C1} = {9155FD0E-C642-4BC2-B91A-BCD8B8037146}
		{B259811C-F24C-4D47-AC5D-476751DE98A4} = {758FC787-501E-4F97-94E7-62D66901F272}
		{FEE85B46-755D-4807-8BDF-5FAE75D46A28} = {F5F79C26-C17F-4C0C-8D7F-DB794E041EC2}
		{2D36492B-9A8E-429C-9106-2242D6E3BF2F} = {9155FD0E-C642-4BC2-B91A-BCD8B8037146}
	EndGlobalSection
	GlobalSection(ProjectConfigurationPlatforms) = postSolution
		{6B657EE3-515A-40A7-B5C6-F35522FF44C1}.Debug|Any CPU.ActiveCfg = Debug|Any CPU
		{6B657EE3-515A-40A7-B5C6-F35522FF44C1}.Debug|Any CPU.Build.0 = Debug|Any CPU
		{6B657EE3-515A-40A7-B5C6-F35522FF44C1}.Release|Any CPU.ActiveCfg = Release|Any CPU
		{6B657EE3-515A-40A7-B5C6-F35522FF44C1}.Release|Any CPU.Build.0 = Release|Any CPU
		{B259811C-F24C-4D47-AC5D-476751DE98A4}.Debug|Any CPU.ActiveCfg = Debug|Any CPU
		{B259811C-F24C-4D47-AC5D-476751DE98A4}.Debug|Any CPU.Build.0 = Debug|Any CPU
		{B259811C-F24C-4D47-AC5D-476751DE98A4}.Release|Any CPU.ActiveCfg = Release|Any CPU
		{B259811C-F24C-4D47-AC5D-476751DE98A4}.Release|Any CPU.Build.0 = Release|Any CPU
		{FEE85B46-755D-4807-8BDF-5FAE75D46A28}.Debug|Any CPU.ActiveCfg = Debug|Any CPU
		{FEE85B46-755D-4807-8BDF-5FAE75D46A28}.Debug|Any CPU.Build.0 = Debug|Any CPU
		{FEE85B46-755D-4807-8BDF-5FAE75D46A28}.Release|Any CPU.ActiveCfg = Release|Any CPU
		{FEE85B46-755D-4807-8BDF-5FAE75D46A28}.Release|Any CPU.Build.0 = Release|Any CPU
		{2D36492B-9A8E-429C-9106-2242D6E3BF2F}.Debug|Any CPU.ActiveCfg = Debug|Any CPU
		{2D36492B-9A8E-429C-9106-2242D6E3BF2F}.Debug|Any CPU.Build.0 = Debug|Any CPU
		{2D36492B-9A8E-429C-9106-2242D6E3BF2F}.Release|Any CPU.ActiveCfg = Release|Any CPU
		{2D36492B-9A8E-429C-9106-2242D6E3BF2F}.Release|Any CPU.Build.0 = Release|Any CPU
	EndGlobalSection
EndGlobal
